
Microsoft Visual Studio Solution File, Format Version 12.00
# Visual Studio Version 16
VisualStudioVersion = 16.0.31702.278
MinimumVisualStudioVersion = 10.0.40219.1
Project("{FAE04EC0-301F-11D3-BF4B-00C04F79EFBC}") = "oop_lesson_4a_parking", "oop_lesson_4a_parking.csproj", "{04EEAD66-125A-426B-AAA4-0FF6C686DC9E}"
EndProject
Global
	GlobalSection(SolutionConfigurationPlatforms) = preSolution
		Debug|Any CPU = Debug|Any CPU
		Release|Any CPU = Release|Any CPU
	EndGlobalSection
	GlobalSection(ProjectConfigurationPlatforms) = postSolution
		{04EEAD66-125A-426B-AAA4-0FF6C686DC9E}.Debug|Any CPU.ActiveCfg = Debug|Any CPU
		{04EEAD66-125A-426B-AAA4-0FF6C686DC9E}.Debug|Any CPU.Build.0 = Debug|Any CPU
		{04EEAD66-125A-426B-AAA4-0FF6C686DC9E}.Release|Any CPU.ActiveCfg = Release|Any CPU
		{04EEAD66-125A-426B-AAA4-0FF6C686DC9E}.Release|Any CPU.Build.0 = Release|Any CPU
	EndGlobalSection
	GlobalSection(SolutionProperties) = preSolution
		HideSolutionNode = FALSE
	EndGlobalSection
	GlobalSection(ExtensibilityGlobals) = postSolution
		SolutionGuid = {E94D74BA-FCA9-4F56-B2F6-B2F6F2108A14}
	EndGlobalSection
EndGlobal
